
Microsoft Visual Studio Solution File, Format Version 12.00
# Visual Studio 15
VisualStudioVersion = 15.0.28010.2041
MinimumVisualStudioVersion = 10.0.40219.1
Project("{FAE04EC0-301F-11D3-BF4B-00C04F79EFBC}") = "Iris_USB_PowerManager", "Iris_USB_PowerManager\Iris_USB_PowerManager.csproj", "{710FCF3D-8FCC-43C1-8FC2-78A96F2D6230}"
EndProject
Global
	GlobalSection(SolutionConfigurationPlatforms) = preSolution
		Debug|Any CPU = Debug|Any CPU
		Release|Any CPU = Release|Any CPU
	EndGlobalSection
	GlobalSection(ProjectConfigurationPlatforms) = postSolution
		{710FCF3D-8FCC-43C1-8FC2-78A96F2D6230}.Debug|Any CPU.ActiveCfg = Debug|Any CPU
		{710FCF3D-8FCC-43C1-8FC2-78A96F2D6230}.Debug|Any CPU.Build.0 = Debug|Any CPU
		{710FCF3D-8FCC-43C1-8FC2-78A96F2D6230}.Release|Any CPU.ActiveCfg = Release|Any CPU
		{710FCF3D-8FCC-43C1-8FC2-78A96F2D6230}.Release|Any CPU.Build.0 = Release|Any CPU
	EndGlobalSection
	GlobalSection(SolutionProperties) = preSolution
		HideSolutionNode = FALSE
	EndGlobalSection
	GlobalSection(ExtensibilityGlobals) = postSolution
		SolutionGuid = {9900126A-57B3-46DB-8CB5-B91FC40B73C5}
	EndGlobalSection
EndGlobal
